<?xml version="1.0" encoding="utf-8"?>
<Project ToolsVersion="4.0" xmlns="http://schemas.microsoft.com/developer/msbuild/2003">
  <ItemGroup>
    <Filter Include="Source Files">
      <UniqueIdentifier>{4FC737F1-C7A5-4376-A066-2A32D752A2FF}</UniqueIdentifier>
      <Extensions>cpp;c;cc;cxx;def;odl;idl;hpj;bat;asm;asmx</Extensions>
    </Filter>
    <Filter Include="Header Files">
      <UniqueIdentifier>{93995380-89BD-4b04-88EB-625FBE52EBFB}</UniqueIdentifier>
      <Extensions>h;hh;hpp;hxx;hm;inl;inc;xsd</Extensions>
    </Filter>
    <Filter Include="Resource Files">
      <UniqueIdentifier>{D9D6E242-F8AF-46E4-B9FD-80ECBC20BA3E}</UniqueIdentifier>
      <Extensions>qrc;*</Extensions>
      <ParseFiles>false</ParseFiles>
    </Filter>
    <Filter Include="Form Files">
      <UniqueIdentifier>{99349809-55BA-4b9d-BF79-8FDBB0286EB3}</UniqueIdentifier>
      <Extensions>ui</Extensions>
    </Filter>
    <Filter Include="Resource Files">
      <UniqueIdentifier>{D9D6E242-F8AF-46E4-B9FD-80ECBC20BA3E}</UniqueIdentifier>
      <Extensions>qrc;*</Extensions>
      <ParseFiles>false</ParseFiles>
    </Filter>
    <Filter Include="Generated Files">
      <UniqueIdentifier>{71ED8ED8-ACB9-4CE9-BBE1-E00B30144E11}</UniqueIdentifier>
      <Extensions>moc;h;cpp</Extensions>
      <SourceControlFiles>False</SourceControlFiles>
    </Filter>
  </ItemGroup>
  <ItemGroup>
    <ClCompile Include="main.cpp">
      <Filter>Source Files</Filter>
    </ClCompile>
    <ClCompile Include="PMainWindow.cpp">
      <Filter>Source Files</Filter>
    </ClCompile>
    <ClCompile Include="PApplication.cpp">
      <Filter>Source Files</Filter>
    </ClCompile>
    <ClCompile Include="PLogWidget.cpp">
      <Filter>Source Files</Filter>
    </ClCompile>
    <ClCompile Include="PChatWidget.cpp">
      <Filter>Source Files</Filter>
    </ClCompile>
    <ClCompile Include="PJSConsoleWidget.cpp">
      <Filter>Source Files</Filter>
    </ClCompile>
    <ClCompile Include="PChatOptionsWidget.cpp">
      <Filter>Source Files</Filter>
    </ClCompile>
    <ClCompile Include="PChatOptionsDlg.cpp">
      <Filter>Source Files</Filter>
    </ClCompile>
    <ClCompile Include="PChatWidgetsWidget.cpp">
      <Filter>Source Files</Filter>
    </ClCompile>
    <ClCompile Include="PChatWidgetsDlg.cpp">
      <Filter>Source Files</Filter>
    </ClCompile>
    <ClCompile Include="PApplicationUpdate.cpp">
      <Filter>Source Files</Filter>
    </ClCompile>
    <ClCompile Include="PApplicationUpdateWidget.cpp">
      <Filter>Source Files</Filter>
    </ClCompile>
    <ClCompile Include="PMessageHandler.cpp">
      <Filter>Source Files</Filter>
    </ClCompile>
    <ClCompile Include="PMessage.cpp">
      <Filter>Source Files</Filter>
    </ClCompile>
    <ClCompile Include="PMessageModel.cpp">
      <Filter>Source Files</Filter>
    </ClCompile>
    <ClCompile Include="PMessageFilterModel.cpp">
      <Filter>Source Files</Filter>
    </ClCompile>
    <ClCompile Include="PStatusWidget.cpp">
      <Filter>Source Files</Filter>
    </ClCompile>
    <ClCompile Include="PPassivesWindow.cpp">
      <Filter>Source Files</Filter>
    </ClCompile>
  </ItemGroup>
  <ItemGroup>
    <QtRcc Include="PoePal.qrc">
      <Filter>Resource Files</Filter>
    </QtRcc>
  </ItemGroup>
  <ItemGroup>
    <QtUic Include="PMainWindow.ui">
      <Filter>Form Files</Filter>
    </QtUic>
    <QtUic Include="PLogWidget.ui">
      <Filter>Form Files</Filter>
    </QtUic>
    <QtUic Include="PChatWidget.ui">
      <Filter>Form Files</Filter>
    </QtUic>
    <QtUic Include="PJSConsoleWidget.ui">
      <Filter>Form Files</Filter>
    </QtUic>
    <QtUic Include="PChatOptionsWidget.ui">
      <Filter>Form Files</Filter>
    </QtUic>
    <QtUic Include="PChatOptionsDlg.ui">
      <Filter>Form Files</Filter>
    </QtUic>
    <QtUic Include="PChatWidgetsWidget.ui">
      <Filter>Form Files</Filter>
    </QtUic>
    <QtUic Include="PChatWidgetsDlg.ui">
      <Filter>Form Files</Filter>
    </QtUic>
    <QtUic Include="PApplicationUpdateWidget.ui">
      <Filter>Form Files</Filter>
    </QtUic>
    <QtUic Include="PStatusWidget.ui">
      <Filter>Form Files</Filter>
    </QtUic>
    <QtUic Include="PPassivesWindow.ui">
      <Filter>Form Files</Filter>
    </QtUic>
  </ItemGroup>
  <ItemGroup>
    <QtMoc Include="PMainWindow.h">
      <Filter>Header Files</Filter>
    </QtMoc>
    <QtMoc Include="PLogWidget.h">
      <Filter>Header Files</Filter>
    </QtMoc>
    <QtMoc Include="PChatWidget.h">
      <Filter>Header Files</Filter>
    </QtMoc>
    <QtMoc Include="PJSConsoleWidget.h">
      <Filter>Header Files</Filter>
    </QtMoc>
    <QtMoc Include="PApplication.h">
      <Filter>Header Files</Filter>
    </QtMoc>
    <QtMoc Include="PChatOptionsWidget.h">
      <Filter>Header Files</Filter>
    </QtMoc>
    <QtMoc Include="PChatOptionsDlg.h">
      <Filter>Header Files</Filter>
    </QtMoc>
    <QtMoc Include="PChatWidgetsWidget.h">
      <Filter>Header Files</Filter>
    </QtMoc>
    <QtMoc Include="PChatWidgetsDlg.h">
      <Filter>Header Files</Filter>
    </QtMoc>
    <QtMoc Include="PApplicationUpdateWidget.h">
      <Filter>Header Files</Filter>
    </QtMoc>
    <QtMoc Include="PMessageHandler.h">
      <Filter>Header Files</Filter>
    </QtMoc>
    <QtMoc Include="PMessage.h">
      <Filter>Header Files</Filter>
    </QtMoc>
    <QtMoc Include="PMessageModel.h">
      <Filter>Header Files</Filter>
    </QtMoc>
    <QtMoc Include="PMessageFilterModel.h">
      <Filter>Header Files</Filter>
    </QtMoc>
    <QtMoc Include="PStatusWidget.h">
      <Filter>Header Files</Filter>
    </QtMoc>
    <QtMoc Include="PPassivesWindow.h">
      <Filter>Header Files</Filter>
    </QtMoc>
  </ItemGroup>
  <ItemGroup>
    <ClInclude Include="resource.h">
      <Filter>Header Files</Filter>
    </ClInclude>
    <ClInclude Include="PApplicationUpdate.h">
      <Filter>Header Files</Filter>
    </ClInclude>
  </ItemGroup>
  <ItemGroup>
    <Image Include="Resources\icon.ico">
      <Filter>Resource Files</Filter>
    </Image>
  </ItemGroup>
  <ItemGroup>
    <ResourceCompile Include="PoePal.rc">
      <Filter>Resource Files</Filter>
    </ResourceCompile>
  </ItemGroup>
  <ItemGroup>
    <None Include="Resources\updates.html">
      <Filter>Resource Files</Filter>
    </None>
    <None Include="..\README.md" />
  </ItemGroup>
</Project>